
Microsoft Visual Studio Solution File, Format Version 12.00
# Visual Studio Version 16
VisualStudioVersion = 16.0.31005.135
MinimumVisualStudioVersion = 10.0.40219.1
Project("{FAE04EC0-301F-11D3-BF4B-00C04F79EFBC}") = "MJU20_OOP_02_Grp7", "MJU20_OOP_02_Grp7\MJU20_OOP_02_Grp7.csproj", "{1E44CAD0-35D5-4C99-8DF9-6468A154E1A0}"
EndProject
Project("{FAE04EC0-301F-11D3-BF4B-00C04F79EFBC}") = "MJU20_OOP_02_Grp7.UnitTests", "MJU20_OOP_02_Grp7.UnitTests\MJU20_OOP_02_Grp7.UnitTests.csproj", "{C7AF7020-3A67-47EB-B957-18EE345BCE8F}"
EndProject
Global
	GlobalSection(SolutionConfigurationPlatforms) = preSolution
		Debug|Any CPU = Debug|Any CPU
		Release|Any CPU = Release|Any CPU
	EndGlobalSection
	GlobalSection(ProjectConfigurationPlatforms) = postSolution
		{1E44CAD0-35D5-4C99-8DF9-6468A154E1A0}.Debug|Any CPU.ActiveCfg = Debug|Any CPU
		{1E44CAD0-35D5-4C99-8DF9-6468A154E1A0}.Debug|Any CPU.Build.0 = Debug|Any CPU
		{1E44CAD0-35D5-4C99-8DF9-6468A154E1A0}.Release|Any CPU.ActiveCfg = Release|Any CPU
		{1E44CAD0-35D5-4C99-8DF9-6468A154E1A0}.Release|Any CPU.Build.0 = Release|Any CPU
		{C7AF7020-3A67-47EB-B957-18EE345BCE8F}.Debug|Any CPU.ActiveCfg = Debug|Any CPU
		{C7AF7020-3A67-47EB-B957-18EE345BCE8F}.Debug|Any CPU.Build.0 = Debug|Any CPU
		{C7AF7020-3A67-47EB-B957-18EE345BCE8F}.Release|Any CPU.ActiveCfg = Release|Any CPU
		{C7AF7020-3A67-47EB-B957-18EE345BCE8F}.Release|Any CPU.Build.0 = Release|Any CPU
	EndGlobalSection
	GlobalSection(SolutionProperties) = preSolution
		HideSolutionNode = FALSE
	EndGlobalSection
	GlobalSection(ExtensibilityGlobals) = postSolution
		SolutionGuid = {1FF82935-2859-48EC-8B35-E46CB6B15CA4}
	EndGlobalSection
EndGlobal
